// !$*UTF8*$!
{
	archiveVersion = 1;
	classes = {
	};
	objectVersion = 50;
	objects = {

/* Begin PBXBuildFile section */
		832E2E0823E0A9D5005DB4C1 /* UIImage+fixOrientation.swift in Sources */ = {isa = PBXBuildFile; fileRef = 832E2E0723E0A9D5005DB4C1 /* UIImage+fixOrientation.swift */; };
		832E2E0A23E0ACD2005DB4C1 /* ImageSaver.swift in Sources */ = {isa = PBXBuildFile; fileRef = 832E2E0923E0ACD2005DB4C1 /* ImageSaver.swift */; };
		838EB1F523CB2B93000BF55F /* ImagePicker.swift in Sources */ = {isa = PBXBuildFile; fileRef = 838EB1F423CB2B93000BF55F /* ImagePicker.swift */; };
		839D192D23CB2056007A7BEE /* AppDelegate.swift in Sources */ = {isa = PBXBuildFile; fileRef = 839D192C23CB2056007A7BEE /* AppDelegate.swift */; };
		839D192F23CB2056007A7BEE /* SceneDelegate.swift in Sources */ = {isa = PBXBuildFile; fileRef = 839D192E23CB2056007A7BEE /* SceneDelegate.swift */; };
		839D193123CB2056007A7BEE /* ContentView.swift in Sources */ = {isa = PBXBuildFile; fileRef = 839D193023CB2056007A7BEE /* ContentView.swift */; };
		839D193323CB205A007A7BEE /* Assets.xcassets in Resources */ = {isa = PBXBuildFile; fileRef = 839D193223CB205A007A7BEE /* Assets.xcassets */; };
		839D193623CB205A007A7BEE /* Preview Assets.xcassets in Resources */ = {isa = PBXBuildFile; fileRef = 839D193523CB205A007A7BEE /* Preview Assets.xcassets */; };
		839D193923CB205A007A7BEE /* LaunchScreen.storyboard in Resources */ = {isa = PBXBuildFile; fileRef = 839D193723CB205A007A7BEE /* LaunchScreen.storyboard */; };
		83DCDC8323E0C6FE00E0103B /* InstaFilter.gif in Resources */ = {isa = PBXBuildFile; fileRef = 83DCDC8223E0C6FD00E0103B /* InstaFilter.gif */; };
/* End PBXBuildFile section */

/* Begin PBXFileReference section */
		832E2E0723E0A9D5005DB4C1 /* UIImage+fixOrientation.swift */ = {isa = PBXFileReference; lastKnownFileType = sourcecode.swift; path = "UIImage+fixOrientation.swift"; sourceTree = "<group>"; };
		832E2E0923E0ACD2005DB4C1 /* ImageSaver.swift */ = {isa = PBXFileReference; lastKnownFileType = sourcecode.swift; path = ImageSaver.swift; sourceTree = "<group>"; };
		838EB1F423CB2B93000BF55F /* ImagePicker.swift */ = {isa = PBXFileReference; fileEncoding = 4; lastKnownFileType = sourcecode.swift; path = ImagePicker.swift; sourceTree = "<group>"; };
		839D192923CB2056007A7BEE /* InstaFilter.app */ = {isa = PBXFileReference; explicitFileType = wrapper.application; includeInIndex = 0; path = InstaFilter.app; sourceTree = BUILT_PRODUCTS_DIR; };
		839D192C23CB2056007A7BEE /* AppDelegate.swift */ = {isa = PBXFileReference; lastKnownFileType = sourcecode.swift; path = AppDelegate.swift; sourceTree = "<group>"; };
		839D192E23CB2056007A7BEE /* SceneDelegate.swift */ = {isa = PBXFileReference; lastKnownFileType = sourcecode.swift; path = SceneDelegate.swift; sourceTree = "<group>"; };
		839D193023CB2056007A7BEE /* ContentView.swift */ = {isa = PBXFileReference; lastKnownFileType = sourcecode.swift; path = ContentView.swift; sourceTree = "<group>"; };
		839D193223CB205A007A7BEE /* Assets.xcassets */ = {isa = PBXFileReference; lastKnownFileType = folder.assetcatalog; path = Assets.xcassets; sourceTree = "<group>"; };
		839D193523CB205A007A7BEE /* Preview Assets.xcassets */ = {isa = PBXFileReference; lastKnownFileType = folder.assetcatalog; path = "Preview Assets.xcassets"; sourceTree = "<group>"; };
		839D193823CB205A007A7BEE /* Base */ = {isa = PBXFileReference; lastKnownFileType = file.storyboard; name = Base; path = Base.lproj/LaunchScreen.storyboard; sourceTree = "<group>"; };
		839D193A23CB205A007A7BEE /* Info.plist */ = {isa = PBXFileReference; lastKnownFileType = text.plist.xml; path = Info.plist; sourceTree = "<group>"; };
		83DCDC8223E0C6FD00E0103B /* InstaFilter.gif */ = {isa = PBXFileReference; lastKnownFileType = image.gif; path = InstaFilter.gif; sourceTree = "<group>"; };
		83DCDC8523E0C72300E0103B /* README.md */ = {isa = PBXFileReference; lastKnownFileType = net.daringfireball.markdown; path = README.md; sourceTree = "<group>"; };
/* End PBXFileReference section */

/* Begin PBXFrameworksBuildPhase section */
		839D192623CB2056007A7BEE /* Frameworks */ = {
			isa = PBXFrameworksBuildPhase;
			buildActionMask = 2147483647;
			files = (
			);
			runOnlyForDeploymentPostprocessing = 0;
		};
/* End PBXFrameworksBuildPhase section */

/* Begin PBXGroup section */
		832E2E0623E0A9BE005DB4C1 /* Utility */ = {
			isa = PBXGroup;
			children = (
				832E2E0723E0A9D5005DB4C1 /* UIImage+fixOrientation.swift */,
				832E2E0923E0ACD2005DB4C1 /* ImageSaver.swift */,
			);
			path = Utility;
			sourceTree = "<group>";
		};
		838EB1F323CB2B6E000BF55F /* View */ = {
			isa = PBXGroup;
			children = (
				839D193023CB2056007A7BEE /* ContentView.swift */,
				838EB1F423CB2B93000BF55F /* ImagePicker.swift */,
			);
			name = View;
			path = "New Group";
			sourceTree = "<group>";
		};
		839D192023CB2056007A7BEE = {
			isa = PBXGroup;
			children = (
				83DCDC8523E0C72300E0103B /* README.md */,
				83DCDC8423E0C70700E0103B /* ReadmeRes */,
				839D192B23CB2056007A7BEE /* InstaFilter */,
				839D192A23CB2056007A7BEE /* Products */,
			);
			sourceTree = "<group>";
		};
		839D192A23CB2056007A7BEE /* Products */ = {
			isa = PBXGroup;
			children = (
				839D192923CB2056007A7BEE /* InstaFilter.app */,
			);
			name = Products;
			sourceTree = "<group>";
		};
		839D192B23CB2056007A7BEE /* InstaFilter */ = {
			isa = PBXGroup;
			children = (
				832E2E0623E0A9BE005DB4C1 /* Utility */,
				838EB1F323CB2B6E000BF55F /* View */,
				839D192C23CB2056007A7BEE /* AppDelegate.swift */,
				839D192E23CB2056007A7BEE /* SceneDelegate.swift */,
				839D193223CB205A007A7BEE /* Assets.xcassets */,
				839D193723CB205A007A7BEE /* LaunchScreen.storyboard */,
				839D193A23CB205A007A7BEE /* Info.plist */,
				839D193423CB205A007A7BEE /* Preview Content */,
			);
			path = InstaFilter;
			sourceTree = "<group>";
		};
		839D193423CB205A007A7BEE /* Preview Content */ = {
			isa = PBXGroup;
			children = (
				839D193523CB205A007A7BEE /* Preview Assets.xcassets */,
			);
			path = "Preview Content";
			sourceTree = "<group>";
		};
		83DCDC8423E0C70700E0103B /* ReadmeRes */ = {
			isa = PBXGroup;
			children = (
				83DCDC8223E0C6FD00E0103B /* InstaFilter.gif */,
			);
			path = ReadmeRes;
			sourceTree = "<group>";
		};
/* End PBXGroup section */

/* Begin PBXNativeTarget section */
		839D192823CB2056007A7BEE /* InstaFilter */ = {
			isa = PBXNativeTarget;
			buildConfigurationList = 839D193D23CB205A007A7BEE /* Build configuration list for PBXNativeTarget "InstaFilter" */;
			buildPhases = (
				839D192523CB2056007A7BEE /* Sources */,
				839D192623CB2056007A7BEE /* Frameworks */,
				839D192723CB2056007A7BEE /* Resources */,
			);
			buildRules = (
			);
			dependencies = (
			);
			name = InstaFilter;
			productName = InstaFilter;
			productReference = 839D192923CB2056007A7BEE /* InstaFilter.app */;
			productType = "com.apple.product-type.application";
		};
/* End PBXNativeTarget section */

/* Begin PBXProject section */
		839D192123CB2056007A7BEE /* Project object */ = {
			isa = PBXProject;
			attributes = {
				LastSwiftUpdateCheck = 1130;
				LastUpgradeCheck = 1130;
				ORGANIZATIONNAME = dominator;
				TargetAttributes = {
					839D192823CB2056007A7BEE = {
						CreatedOnToolsVersion = 11.3;
					};
				};
			};
			buildConfigurationList = 839D192423CB2056007A7BEE /* Build configuration list for PBXProject "InstaFilter" */;
			compatibilityVersion = "Xcode 9.3";
			developmentRegion = en;
			hasScannedForEncodings = 0;
			knownRegions = (
				en,
				Base,
			);
			mainGroup = 839D192023CB2056007A7BEE;
			productRefGroup = 839D192A23CB2056007A7BEE /* Products */;
			projectDirPath = "";
			projectRoot = "";
			targets = (
				839D192823CB2056007A7BEE /* InstaFilter */,
			);
		};
/* End PBXProject section */

/* Begin PBXResourcesBuildPhase section */
		839D192723CB2056007A7BEE /* Resources */ = {
			isa = PBXResourcesBuildPhase;
			buildActionMask = 2147483647;
			files = (
				83DCDC8323E0C6FE00E0103B /* InstaFilter.gif in Resources */,
				839D193923CB205A007A7BEE /* LaunchScreen.storyboard in Resources */,
				839D193623CB205A007A7BEE /* Preview Assets.xcassets in Resources */,
				839D193323CB205A007A7BEE /* Assets.xcassets in Resources */,
			);
			runOnlyForDeploymentPostprocessing = 0;
		};
/* End PBXResourcesBuildPhase section */

/* Begin PBXSourcesBuildPhase section */
		839D192523CB2056007A7BEE /* Sources */ = {
			isa = PBXSourcesBuildPhase;
			buildActionMask = 2147483647;
			files = (
				832E2E0823E0A9D5005DB4C1 /* UIImage+fixOrientation.swift in Sources */,
				832E2E0A23E0ACD2005DB4C1 /* ImageSaver.swift in Sources */,
				839D192D23CB2056007A7BEE /* AppDelegate.swift in Sources */,
				838EB1F523CB2B93000BF55F /* ImagePicker.swift in Sources */,
				839D192F23CB2056007A7BEE /* SceneDelegate.swift in Sources */,
				839D193123CB2056007A7BEE /* ContentView.swift in Sources */,
			);
			runOnlyForDeploymentPostprocessing = 0;
		};
/* End PBXSourcesBuildPhase section */

/* Begin PBXVariantGroup section */
		839D193723CB205A007A7BEE /* LaunchScreen.storyboard */ = {
			isa = PBXVariantGroup;
			children = (
				839D193823CB205A007A7BEE /* Base */,
			);
			name = LaunchScreen.storyboard;
			sourceTree = "<group>";
		};
/* End PBXVariantGroup section */

/* Begin XCBuildConfiguration section */
		839D193B23CB205A007A7BEE /* Debug */ = {
			isa = XCBuildConfiguration;
			buildSettings = {
				ALWAYS_SEARCH_USER_PATHS = NO;
				CLANG_ANALYZER_NONNULL = YES;
				CLANG_ANALYZER_NUMBER_OBJECT_CONVERSION = YES_AGGRESSIVE;
				CLANG_CXX_LANGUAGE_STANDARD = "gnu++14";
				CLANG_CXX_LIBRARY = "libc++";
				CLANG_ENABLE_MODULES = YES;
				CLANG_ENABLE_OBJC_ARC = YES;
				CLANG_ENABLE_OBJC_WEAK = YES;
				CLANG_WARN_BLOCK_CAPTURE_AUTORELEASING = YES;
				CLANG_WARN_BOOL_CONVERSION = YES;
				CLANG_WARN_COMMA = YES;
				CLANG_WARN_CONSTANT_CONVERSION = YES;
				CLANG_WARN_DEPRECATED_OBJC_IMPLEMENTATIONS = YES;
				CLANG_WARN_DIRECT_OBJC_ISA_USAGE = YES_ERROR;
				CLANG_WARN_DOCUMENTATION_COMMENTS = YES;
				CLANG_WARN_EMPTY_BODY = YES;
				CLANG_WARN_ENUM_CONVERSION = YES;
				CLANG_WARN_INFINITE_RECURSION = YES;
				CLANG_WARN_INT_CONVERSION = YES;
				CLANG_WARN_NON_LITERAL_NULL_CONVERSION = YES;
				CLANG_WARN_OBJC_IMPLICIT_RETAIN_SELF = YES;
				CLANG_WARN_OBJC_LITERAL_CONVERSION = YES;
				CLANG_WARN_OBJC_ROOT_CLASS = YES_ERROR;
				CLANG_WARN_RANGE_LOOP_ANALYSIS = YES;
				CLANG_WARN_STRICT_PROTOTYPES = YES;
				CLANG_WARN_SUSPICIOUS_MOVE = YES;
				CLANG_WARN_UNGUARDED_AVAILABILITY = YES_AGGRESSIVE;
				CLANG_WARN_UNREACHABLE_CODE = YES;
				CLANG_WARN__DUPLICATE_METHOD_MATCH = YES;
				COPY_PHASE_STRIP = NO;
				DEBUG_INFORMATION_FORMAT = dwarf;
				ENABLE_STRICT_OBJC_MSGSEND = YES;
				ENABLE_TESTABILITY = YES;
				GCC_C_LANGUAGE_STANDARD = gnu11;
				GCC_DYNAMIC_NO_PIC = NO;
				GCC_NO_COMMON_BLOCKS = YES;
				GCC_OPTIMIZATION_LEVEL = 0;
				GCC_PREPROCESSOR_DEFINITIONS = (
					"DEBUG=1",
					"$(inherited)",
				);
				GCC_WARN_64_TO_32_BIT_CONVERSION = YES;
				GCC_WARN_ABOUT_RETURN_TYPE = YES_ERROR;
				GCC_WARN_UNDECLARED_SELECTOR = YES;
				GCC_WARN_UNINITIALIZED_AUTOS = YES_AGGRESSIVE;
				GCC_WARN_UNUSED_FUNCTION = YES;
				GCC_WARN_UNUSED_VARIABLE = YES;
				IPHONEOS_DEPLOYMENT_TARGET = 13.2;
				MTL_ENABLE_DEBUG_INFO = INCLUDE_SOURCE;
				MTL_FAST_MATH = YES;
				ONLY_ACTIVE_ARCH = YES;
				SDKROOT = iphoneos;
				SWIFT_ACTIVE_COMPILATION_CONDITIONS = DEBUG;
				SWIFT_OPTIMIZATION_LEVEL = "-Onone";
			};
			name = Debug;
		};
		839D193C23CB205A007A7BEE /* Release */ = {
			isa = XCBuildConfiguration;
			buildSettings = {
				ALWAYS_SEARCH_USER_PATHS = NO;
				CLANG_ANALYZER_NONNULL = YES;
				CLANG_ANALYZER_NUMBER_OBJECT_CONVERSION = YES_AGGRESSIVE;
				CLANG_CXX_LANGUAGE_STANDARD = "gnu++14";
				CLANG_CXX_LIBRARY = "libc++";
				CLANG_ENABLE_MODULES = YES;
				CLANG_ENABLE_OBJC_ARC = YES;
				CLANG_ENABLE_OBJC_WEAK = YES;
				CLANG_WARN_BLOCK_CAPTURE_AUTORELEASING = YES;
				CLANG_WARN_BOOL_CONVERSION = YES;
				CLANG_WARN_COMMA = YES;
				CLANG_WARN_CONSTANT_CONVERSION = YES;
				CLANG_WARN_DEPRECATED_OBJC_IMPLEMENTATIONS = YES;
				CLANG_WARN_DIRECT_OBJC_ISA_USAGE = YES_ERROR;
				CLANG_WARN_DOCUMENTATION_COMMENTS = YES;
				CLANG_WARN_EMPTY_BODY = YES;
				CLANG_WARN_ENUM_CONVERSION = YES;
				CLANG_WARN_INFINITE_RECURSION = YES;
				CLANG_WARN_INT_CONVERSION = YES;
				CLANG_WARN_NON_LITERAL_NULL_CONVERSION = YES;
				CLANG_WARN_OBJC_IMPLICIT_RETAIN_SELF = YES;
				CLANG_WARN_OBJC_LITERAL_CONVERSION = YES;
				CLANG_WARN_OBJC_ROOT_CLASS = YES_ERROR;
				CLANG_WARN_RANGE_LOOP_ANALYSIS = YES;
				CLANG_WARN_STRICT_PROTOTYPES = YES;
				CLANG_WARN_SUSPICIOUS_MOVE = YES;
				CLANG_WARN_UNGUARDED_AVAILABILITY = YES_AGGRESSIVE;
				CLANG_WARN_UNREACHABLE_CODE = YES;
				CLANG_WARN__DUPLICATE_METHOD_MATCH = YES;
				COPY_PHASE_STRIP = NO;
				DEBUG_INFORMATION_FORMAT = "dwarf-with-dsym";
				ENABLE_NS_ASSERTIONS = NO;
				ENABLE_STRICT_OBJC_MSGSEND = YES;
				GCC_C_LANGUAGE_STANDARD = gnu11;
				GCC_NO_COMMON_BLOCKS = YES;
				GCC_WARN_64_TO_32_BIT_CONVERSION = YES;
				GCC_WARN_ABOUT_RETURN_TYPE = YES_ERROR;
				GCC_WARN_UNDECLARED_SELECTOR = YES;
				GCC_WARN_UNINITIALIZED_AUTOS = YES_AGGRESSIVE;
				GCC_WARN_UNUSED_FUNCTION = YES;
				GCC_WARN_UNUSED_VARIABLE = YES;
				IPHONEOS_DEPLOYMENT_TARGET = 13.2;
				MTL_ENABLE_DEBUG_INFO = NO;
				MTL_FAST_MATH = YES;
				SDKROOT = iphoneos;
				SWIFT_COMPILATION_MODE = wholemodule;
				SWIFT_OPTIMIZATION_LEVEL = "-O";
				VALIDATE_PRODUCT = YES;
			};
			name = Release;
		};
		839D193E23CB205A007A7BEE /* Debug */ = {
			isa = XCBuildConfiguration;
			buildSettings = {
				ASSETCATALOG_COMPILER_APPICON_NAME = AppIcon;
				CODE_SIGN_STYLE = Automatic;
				DEVELOPMENT_ASSET_PATHS = "\"InstaFilter/Preview Content\"";
				DEVELOPMENT_TEAM = NWJALMT777;
				ENABLE_PREVIEWS = YES;
				INFOPLIST_FILE = InstaFilter/Info.plist;
				IPHONEOS_DEPLOYMENT_TARGET = 13.0;
				LD_RUNPATH_SEARCH_PATHS = (
					"$(inherited)",
					"@executable_path/Frameworks",
				);
				PRODUCT_BUNDLE_IDENTIFIER = co.amitsamant.InstaFilter;
				PRODUCT_NAME = "$(TARGET_NAME)";
				SWIFT_VERSION = 5.0;
				TARGETED_DEVICE_FAMILY = "1,2";
			};
			name = Debug;
		};
		839D193F23CB205A007A7BEE /* Release */ = {
			isa = XCBuildConfiguration;
			buildSettings = {
				ASSETCATALOG_COMPILER_APPICON_NAME = AppIcon;
				CODE_SIGN_STYLE = Automatic;
				DEVELOPMENT_ASSET_PATHS = "\"InstaFilter/Preview Content\"";
				DEVELOPMENT_TEAM = NWJALMT777;
				ENABLE_PREVIEWS = YES;
				INFOPLIST_FILE = InstaFilter/Info.plist;
				IPHONEOS_DEPLOYMENT_TARGET = 13.0;
				LD_RUNPATH_SEARCH_PATHS = (
					"$(inherited)",
					"@executable_path/Frameworks",
				);
				PRODUCT_BUNDLE_IDENTIFIER = co.amitsamant.InstaFilter;
				PRODUCT_NAME = "$(TARGET_NAME)";
				SWIFT_VERSION = 5.0;
				TARGETED_DEVICE_FAMILY = "1,2";
			};
			name = Release;
		};
/* End XCBuildConfiguration section */

/* Begin XCConfigurationList section */
		839D192423CB2056007A7BEE /* Build configuration list for PBXProject "InstaFilter" */ = {
			isa = XCConfigurationList;
			buildConfigurations = (
				839D193B23CB205A007A7BEE /* Debug */,
				839D193C23CB205A007A7BEE /* Release */,
			);
			defaultConfigurationIsVisible = 0;
			defaultConfigurationName = Release;
		};
		839D193D23CB205A007A7BEE /* Build configuration list for PBXNativeTarget "InstaFilter" */ = {
			isa = XCConfigurationList;
			buildConfigurations = (
				839D193E23CB205A007A7BEE /* Debug */,
				839D193F23CB205A007A7BEE /* Release */,
			);
			defaultConfigurationIsVisible = 0;
			defaultConfigurationName = Release;
		};
/* End XCConfigurationList section */
	};
	rootObject = 839D192123CB2056007A7BEE /* Project object */;
}
